
Microsoft Visual Studio Solution File, Format Version 12.00
# Visual Studio 15
VisualStudioVersion = 15.0.27703.2035
MinimumVisualStudioVersion = 10.0.40219.1
Project("{FAE04EC0-301F-11D3-BF4B-00C04F79EFBC}") = "DiscountСalculator", "DiscountСalculator\DiscountСalculator.csproj", "{4EF748A5-3556-429C-92AC-D4D9D80DE999}"
EndProject
Global
	GlobalSection(SolutionConfigurationPlatforms) = preSolution
		Debug|Any CPU = Debug|Any CPU
		Release|Any CPU = Release|Any CPU
	EndGlobalSection
	GlobalSection(ProjectConfigurationPlatforms) = postSolution
		{4EF748A5-3556-429C-92AC-D4D9D80DE999}.Debug|Any CPU.ActiveCfg = Debug|Any CPU
		{4EF748A5-3556-429C-92AC-D4D9D80DE999}.Debug|Any CPU.Build.0 = Debug|Any CPU
		{4EF748A5-3556-429C-92AC-D4D9D80DE999}.Release|Any CPU.ActiveCfg = Release|Any CPU
		{4EF748A5-3556-429C-92AC-D4D9D80DE999}.Release|Any CPU.Build.0 = Release|Any CPU
	EndGlobalSection
	GlobalSection(SolutionProperties) = preSolution
		HideSolutionNode = FALSE
	EndGlobalSection
	GlobalSection(ExtensibilityGlobals) = postSolution
		SolutionGuid = {DF632745-2026-44D9-9C37-A997EFF98077}
	EndGlobalSection
EndGlobal
